
Microsoft Visual Studio Solution File, Format Version 12.00
# Visual Studio Version 16
VisualStudioVersion = 16.0.30711.63
MinimumVisualStudioVersion = 10.0.40219.1
Project("{FAE04EC0-301F-11D3-BF4B-00C04F79EFBC}") = "MontaRegistroServicos", "MontaRegistroServicos\MontaRegistroServicos.csproj", "{141B75EC-D02A-43A5-B26F-6BDE98F49E03}"
EndProject
Global
	GlobalSection(SolutionConfigurationPlatforms) = preSolution
		Debug|Any CPU = Debug|Any CPU
		Release|Any CPU = Release|Any CPU
	EndGlobalSection
	GlobalSection(ProjectConfigurationPlatforms) = postSolution
		{141B75EC-D02A-43A5-B26F-6BDE98F49E03}.Debug|Any CPU.ActiveCfg = Debug|Any CPU
		{141B75EC-D02A-43A5-B26F-6BDE98F49E03}.Debug|Any CPU.Build.0 = Debug|Any CPU
		{141B75EC-D02A-43A5-B26F-6BDE98F49E03}.Release|Any CPU.ActiveCfg = Release|Any CPU
		{141B75EC-D02A-43A5-B26F-6BDE98F49E03}.Release|Any CPU.Build.0 = Release|Any CPU
	EndGlobalSection
	GlobalSection(SolutionProperties) = preSolution
		HideSolutionNode = FALSE
	EndGlobalSection
	GlobalSection(ExtensibilityGlobals) = postSolution
		SolutionGuid = {45FDA862-91F7-4460-B4A0-FF48F2913F08}
	EndGlobalSection
EndGlobal
